
Microsoft Visual Studio Solution File, Format Version 12.00
# Visual Studio Version 17
VisualStudioVersion = 17.2.32526.322
MinimumVisualStudioVersion = 10.0.40219.1
Project("{FAE04EC0-301F-11D3-BF4B-00C04F79EFBC}") = "MaxDistance", "MaxDistance\MaxDistance.csproj", "{FE62CF93-8AEF-4895-AA0A-9E61E9E4466A}"
EndProject
Global
	GlobalSection(SolutionConfigurationPlatforms) = preSolution
		Debug|Any CPU = Debug|Any CPU
		Release|Any CPU = Release|Any CPU
	EndGlobalSection
	GlobalSection(ProjectConfigurationPlatforms) = postSolution
		{FE62CF93-8AEF-4895-AA0A-9E61E9E4466A}.Debug|Any CPU.ActiveCfg = Debug|Any CPU
		{FE62CF93-8AEF-4895-AA0A-9E61E9E4466A}.Debug|Any CPU.Build.0 = Debug|Any CPU
		{FE62CF93-8AEF-4895-AA0A-9E61E9E4466A}.Release|Any CPU.ActiveCfg = Release|Any CPU
		{FE62CF93-8AEF-4895-AA0A-9E61E9E4466A}.Release|Any CPU.Build.0 = Release|Any CPU
	EndGlobalSection
	GlobalSection(SolutionProperties) = preSolution
		HideSolutionNode = FALSE
	EndGlobalSection
	GlobalSection(ExtensibilityGlobals) = postSolution
		SolutionGuid = {451EB0CC-5E14-454F-AF2A-F58AFAF4C5FA}
	EndGlobalSection
EndGlobal
